
Microsoft Visual Studio Solution File, Format Version 12.00
# Visual Studio 15
VisualStudioVersion = 15.0.27130.2036
MinimumVisualStudioVersion = 10.0.40219.1
Project("{8BC9CEB8-8B4A-11D0-8D11-00A0C91BC942}") = "Reaper-Client", "Reaper-Client\Reaper-Client.vcxproj", "{E8B4A605-9552-4ADE-B7D4-15A664CADAE3}"
EndProject
Global
	GlobalSection(SolutionConfigurationPlatforms) = preSolution
		Debug|x64 = Debug|x64
		Debug|x86 = Debug|x86
		Release|x64 = Release|x64
		Release|x86 = Release|x86
	EndGlobalSection
	GlobalSection(ProjectConfigurationPlatforms) = postSolution
		{E8B4A605-9552-4ADE-B7D4-15A664CADAE3}.Debug|x64.ActiveCfg = Debug|x64
		{E8B4A605-9552-4ADE-B7D4-15A664CADAE3}.Debug|x64.Build.0 = Debug|x64
		{E8B4A605-9552-4ADE-B7D4-15A664CADAE3}.Debug|x86.ActiveCfg = Debug|Win32
		{E8B4A605-9552-4ADE-B7D4-15A664CADAE3}.Debug|x86.Build.0 = Debug|Win32
		{E8B4A605-9552-4ADE-B7D4-15A664CADAE3}.Release|x64.ActiveCfg = Release|x64
		{E8B4A605-9552-4ADE-B7D4-15A664CADAE3}.Release|x64.Build.0 = Release|x64
		{E8B4A605-9552-4ADE-B7D4-15A664CADAE3}.Release|x86.ActiveCfg = Release|Win32
		{E8B4A605-9552-4ADE-B7D4-15A664CADAE3}.Release|x86.Build.0 = Release|Win32
	EndGlobalSection
	GlobalSection(SolutionProperties) = preSolution
		HideSolutionNode = FALSE
	EndGlobalSection
	GlobalSection(ExtensibilityGlobals) = postSolution
		SolutionGuid = {09DD52FB-C457-414E-A00C-E06C1ACF6F8B}
	EndGlobalSection
EndGlobal
